# THIS IS AN AUTOGENERATED FILE. DO NOT EDIT THIS FILE DIRECTLY.
# yarn lockfile v1


"@aws-cdk/assets@1.91.0":
  version "1.91.0"
  resolved "https://registry.yarnpkg.com/@aws-cdk/assets/-/assets-1.91.0.tgz#ffe66f284a55e3801de37fcdcc5eeffbce1a1f67"
  integrity sha512-EOveDypWuy5pyeW5fS8W0+pvWEt1IrpjF8VBB0mZ1Y4LncidOf2sHC7FPUVjK0+Xa2kgXHhO/BJ57UURPk79NA==
  dependencies:
    "@aws-cdk/core" "1.91.0"
    "@aws-cdk/cx-api" "1.91.0"
    constructs "^3.2.0"

"@aws-cdk/aws-applicationautoscaling@1.91.0":
  version "1.91.0"
  resolved "https://registry.yarnpkg.com/@aws-cdk/aws-applicationautoscaling/-/aws-applicationautoscaling-1.91.0.tgz#a38fcb971dc28e52ee526a27d2467455afeac92a"
  integrity sha512-kbrSeMy7QGYY+LfzZEBVSylogRrWZKDmQgze7///fSiX9jWk8aMo82+svunBElJvH8GzuODZ5cjDwYFHbu0u6A==
  dependencies:
    "@aws-cdk/aws-autoscaling-common" "1.91.0"
    "@aws-cdk/aws-cloudwatch" "1.91.0"
    "@aws-cdk/aws-iam" "1.91.0"
    "@aws-cdk/core" "1.91.0"
    constructs "^3.2.0"

"@aws-cdk/aws-autoscaling-common@1.91.0":
  version "1.91.0"
  resolved "https://registry.yarnpkg.com/@aws-cdk/aws-autoscaling-common/-/aws-autoscaling-common-1.91.0.tgz#8a1824e4e7dfca6663c117f6f497101b4e251150"
  integrity sha512-VJojgKstJvl559dRr4Twt3F7+puY6omJA7dLss9wcOA8QEWK1msVXtc7RzIpFnfG6pJKnAP1xfRyuvXerxdp1Q==
  dependencies:
    "@aws-cdk/aws-iam" "1.91.0"
    "@aws-cdk/core" "1.91.0"
    constructs "^3.2.0"

"@aws-cdk/aws-cloudformation@1.91.0":
  version "1.91.0"
  resolved "https://registry.yarnpkg.com/@aws-cdk/aws-cloudformation/-/aws-cloudformation-1.91.0.tgz#6e1845abf2098c315ee36367e50d4da12c84439e"
  integrity sha512-achmiaUR9/hbO5sJBjtGRwI78CZ+L7gK9yvmeUVpI9+7cUqHS8/MXA6RbJ5vbPuFt3yQW0rbbhtI8oba8S06JA==
  dependencies:
    "@aws-cdk/aws-iam" "1.91.0"
    "@aws-cdk/aws-lambda" "1.91.0"
    "@aws-cdk/aws-s3" "1.91.0"
    "@aws-cdk/aws-sns" "1.91.0"
    "@aws-cdk/core" "1.91.0"
    "@aws-cdk/cx-api" "1.91.0"
    constructs "^3.2.0"

"@aws-cdk/aws-cloudwatch@1.91.0":
  version "1.91.0"
  resolved "https://registry.yarnpkg.com/@aws-cdk/aws-cloudwatch/-/aws-cloudwatch-1.91.0.tgz#72eb134ead8100516cf614f597ece8e15589ef76"
  integrity sha512-x78C9dUCqLQqKMu/alCdxPYin6kbp7wC6GiBHLg3g9adINOVX9rueYhqepSG72P5RJmOxYzI9QpZY40LjA4yHA==
  dependencies:
    "@aws-cdk/aws-iam" "1.91.0"
    "@aws-cdk/core" "1.91.0"
    constructs "^3.2.0"

"@aws-cdk/aws-codeguruprofiler@1.91.0":
  version "1.91.0"
  resolved "https://registry.yarnpkg.com/@aws-cdk/aws-codeguruprofiler/-/aws-codeguruprofiler-1.91.0.tgz#7a76a53fa56899bf9cfad508ed086a77862d8d5d"
  integrity sha512-OEixTxX18q0JX4jVZLTn8zrjBJUbwBZ7hHUu+8oozEJ0pP6EKy4axc3igp942FfAJj4/XWaTd4zakgMv7BXkBQ==
  dependencies:
    "@aws-cdk/aws-iam" "1.91.0"
    "@aws-cdk/core" "1.91.0"
    constructs "^3.2.0"

"@aws-cdk/aws-dynamodb@^1.91.0":
  version "1.91.0"
  resolved "https://registry.yarnpkg.com/@aws-cdk/aws-dynamodb/-/aws-dynamodb-1.91.0.tgz#e5d23102377569f393ce2e521827ff054d3816ac"
  integrity sha512-DoxE97H/lO25OTCyUZYdFAxa9u1OeH6P9lTv2CJ7+1ivhKqV/tq0abRYKE648v7Q3S9/BNzrdjzLpnOeurNpHA==
  dependencies:
    "@aws-cdk/aws-applicationautoscaling" "1.91.0"
    "@aws-cdk/aws-cloudwatch" "1.91.0"
    "@aws-cdk/aws-iam" "1.91.0"
    "@aws-cdk/aws-kms" "1.91.0"
    "@aws-cdk/aws-lambda" "1.91.0"
    "@aws-cdk/core" "1.91.0"
    "@aws-cdk/custom-resources" "1.91.0"
    constructs "^3.2.0"

"@aws-cdk/aws-ec2@1.91.0":
  version "1.91.0"
  resolved "https://registry.yarnpkg.com/@aws-cdk/aws-ec2/-/aws-ec2-1.91.0.tgz#71c79f189bc405bb83ad9675ca18f881b5ef3b0a"
  integrity sha512-Kd+q3sP5rNhUcShXiboy2vPQGWRrS2lGyig5JZDdVix+OB9eyL2L5NgAzElTlUXp7GA7GebewA3Ir7QPBSjZsA==
  dependencies:
    "@aws-cdk/aws-cloudwatch" "1.91.0"
    "@aws-cdk/aws-iam" "1.91.0"
    "@aws-cdk/aws-kms" "1.91.0"
    "@aws-cdk/aws-logs" "1.91.0"
    "@aws-cdk/aws-s3" "1.91.0"
    "@aws-cdk/aws-s3-assets" "1.91.0"
    "@aws-cdk/aws-ssm" "1.91.0"
    "@aws-cdk/cloud-assembly-schema" "1.91.0"
    "@aws-cdk/core" "1.91.0"
    "@aws-cdk/cx-api" "1.91.0"
    "@aws-cdk/region-info" "1.91.0"
    constructs "^3.2.0"

"@aws-cdk/aws-ecr-assets@1.91.0":
  version "1.91.0"
  resolved "https://registry.yarnpkg.com/@aws-cdk/aws-ecr-assets/-/aws-ecr-assets-1.91.0.tgz#862260c44d8c41f760a8993baa174bd247ac3298"
  integrity sha512-9xYS229WuNDGxzJWX3I7uY+9HvkCvcoNbHXIBvwLND2xKXK8O0mOeIuQyAdJilHZYpQYhw6tLCHCei0aBFBR3g==
  dependencies:
    "@aws-cdk/assets" "1.91.0"
    "@aws-cdk/aws-ecr" "1.91.0"
    "@aws-cdk/aws-iam" "1.91.0"
    "@aws-cdk/aws-s3" "1.91.0"
    "@aws-cdk/core" "1.91.0"
    "@aws-cdk/cx-api" "1.91.0"
    constructs "^3.2.0"
    minimatch "^3.0.4"

"@aws-cdk/aws-ecr@1.91.0":
  version "1.91.0"
  resolved "https://registry.yarnpkg.com/@aws-cdk/aws-ecr/-/aws-ecr-1.91.0.tgz#c589911e58af6d207b9a923f4422c2980847541b"
  integrity sha512-quDShMk48pH6sH0z95+h/Velw7k1T6Ir3bxCV4ACgLGxqN882/e3o164VrL+eFvZMlR8uLYEnpZseK8APTvAYg==
  dependencies:
    "@aws-cdk/aws-events" "1.91.0"
    "@aws-cdk/aws-iam" "1.91.0"
    "@aws-cdk/core" "1.91.0"
    constructs "^3.2.0"

"@aws-cdk/aws-efs@1.91.0":
  version "1.91.0"
  resolved "https://registry.yarnpkg.com/@aws-cdk/aws-efs/-/aws-efs-1.91.0.tgz#9bc45c57723d02c77483cc843284afabc4946340"
  integrity sha512-p/iWucxM1YjbKY29ecQvg4CFKJCNSi+ujvXAf8SmJPCplM1LKlC7Sbb2xSmTsZlPcGEu1HpY31FvpPHtZgxRng==
  dependencies:
    "@aws-cdk/aws-ec2" "1.91.0"
    "@aws-cdk/aws-kms" "1.91.0"
    "@aws-cdk/cloud-assembly-schema" "1.91.0"
    "@aws-cdk/core" "1.91.0"
    "@aws-cdk/cx-api" "1.91.0"
    constructs "^3.2.0"

"@aws-cdk/aws-events@1.91.0":
  version "1.91.0"
  resolved "https://registry.yarnpkg.com/@aws-cdk/aws-events/-/aws-events-1.91.0.tgz#02a19ff1ddf686c91f68c801efc05d3e5c68a8d7"
  integrity sha512-t8LSGahCTPgIBUKk1N0Bx35Xvc0nhSHxchtckjXgEBYun6w+85YA5eU9/gTZrpOqTwXt2CbZBDrbem86zsnj8g==
  dependencies:
    "@aws-cdk/aws-iam" "1.91.0"
    "@aws-cdk/core" "1.91.0"
    constructs "^3.2.0"

"@aws-cdk/aws-iam@1.91.0":
  version "1.91.0"
  resolved "https://registry.yarnpkg.com/@aws-cdk/aws-iam/-/aws-iam-1.91.0.tgz#642a24321b5d0bfabdced48297b08dae3a455574"
  integrity sha512-5+poD3JCrBEsE6n1jLLnE81Yp4Qs7aY+TKo+CaHfaaiBozyTZA+yavEvuYQ3QiIJmswRziWMxZ/24uGUcPHH4A==
  dependencies:
    "@aws-cdk/core" "1.91.0"
    "@aws-cdk/region-info" "1.91.0"
    constructs "^3.2.0"

"@aws-cdk/aws-kms@1.91.0":
  version "1.91.0"
  resolved "https://registry.yarnpkg.com/@aws-cdk/aws-kms/-/aws-kms-1.91.0.tgz#20c841f068f4ff40dc83df304c241c40e9d9183f"
  integrity sha512-JkblXVovy7ds7c6dmFEY3Fx2583RIrrPWdG6XyQ3N5SJ3Dgyb0bpwKCBom/YasDKB9QH0g3wZSELC/Ne2lTapQ==
  dependencies:
    "@aws-cdk/aws-iam" "1.91.0"
    "@aws-cdk/core" "1.91.0"
    "@aws-cdk/cx-api" "1.91.0"
    constructs "^3.2.0"

"@aws-cdk/aws-lambda@1.91.0":
  version "1.91.0"
  resolved "https://registry.yarnpkg.com/@aws-cdk/aws-lambda/-/aws-lambda-1.91.0.tgz#d5a85a54a3370b183c6a39579f70693962be8380"
  integrity sha512-8wcrpdKi1XR7LmP3I5zfOSoKDa8eSV+zfugJATXGoawrhfLgMff28j/wuphqjbGZzmHGNyCWaCfQmusy9voZsw==
  dependencies:
    "@aws-cdk/aws-applicationautoscaling" "1.91.0"
    "@aws-cdk/aws-cloudwatch" "1.91.0"
    "@aws-cdk/aws-codeguruprofiler" "1.91.0"
    "@aws-cdk/aws-ec2" "1.91.0"
    "@aws-cdk/aws-ecr" "1.91.0"
    "@aws-cdk/aws-ecr-assets" "1.91.0"
    "@aws-cdk/aws-efs" "1.91.0"
    "@aws-cdk/aws-events" "1.91.0"
    "@aws-cdk/aws-iam" "1.91.0"
    "@aws-cdk/aws-kms" "1.91.0"
    "@aws-cdk/aws-logs" "1.91.0"
    "@aws-cdk/aws-s3" "1.91.0"
    "@aws-cdk/aws-s3-assets" "1.91.0"
    "@aws-cdk/aws-sqs" "1.91.0"
    "@aws-cdk/core" "1.91.0"
    "@aws-cdk/cx-api" "1.91.0"
    constructs "^3.2.0"

"@aws-cdk/aws-logs@1.91.0":
  version "1.91.0"
  resolved "https://registry.yarnpkg.com/@aws-cdk/aws-logs/-/aws-logs-1.91.0.tgz#076dc01a49c33095b97976aad7fb671bf6a67467"
  integrity sha512-D293Lb5E3VF03OKT123S+TNi5UFaj08ivsfRcFhbcAiMnNOoHJEClhU2dFiq/6nTYMfoSxvsqyvHBQrY3lUzNw==
  dependencies:
    "@aws-cdk/aws-cloudwatch" "1.91.0"
    "@aws-cdk/aws-iam" "1.91.0"
    "@aws-cdk/aws-kms" "1.91.0"
    "@aws-cdk/aws-s3-assets" "1.91.0"
    "@aws-cdk/core" "1.91.0"
    constructs "^3.2.0"

"@aws-cdk/aws-s3-assets@1.91.0":
  version "1.91.0"
  resolved "https://registry.yarnpkg.com/@aws-cdk/aws-s3-assets/-/aws-s3-assets-1.91.0.tgz#859a33666a2d9d1b903f83f562e47d134294338e"
  integrity sha512-nRePKMnc8Sg+Z2owjKIeswZmdjm+9jfYUlUFgBjF20YqV9xDFb6E8ckFtagbNcehgrmOqc6xxWnyBtZR1Mehww==
  dependencies:
    "@aws-cdk/assets" "1.91.0"
    "@aws-cdk/aws-iam" "1.91.0"
    "@aws-cdk/aws-kms" "1.91.0"
    "@aws-cdk/aws-s3" "1.91.0"
    "@aws-cdk/core" "1.91.0"
    "@aws-cdk/cx-api" "1.91.0"
    constructs "^3.2.0"

"@aws-cdk/aws-s3@1.91.0", "@aws-cdk/aws-s3@^1.91.0":
  version "1.91.0"
  resolved "https://registry.yarnpkg.com/@aws-cdk/aws-s3/-/aws-s3-1.91.0.tgz#ab1ed2308f4eec7151397d62f0f1278ef225ccc9"
  integrity sha512-P2871i/1ofyrU7+Scicv4lQs4kXGnuft6eFUJJJesFvE6Nr/Oy3KRSnqWm0ju0TM+IlgYUMQJApR/pAxNiTHxQ==
  dependencies:
    "@aws-cdk/aws-events" "1.91.0"
    "@aws-cdk/aws-iam" "1.91.0"
    "@aws-cdk/aws-kms" "1.91.0"
    "@aws-cdk/core" "1.91.0"
    "@aws-cdk/cx-api" "1.91.0"
    constructs "^3.2.0"

"@aws-cdk/aws-sns@1.91.0":
  version "1.91.0"
  resolved "https://registry.yarnpkg.com/@aws-cdk/aws-sns/-/aws-sns-1.91.0.tgz#817fa9fee659506ba9f9ce7066a24ed4c628f213"
  integrity sha512-QZn2+IJ2w/sppz7D4Mn4Uy9+vppRYdSQgPXzLhZ/+3J8tSO7ZNbgmmu2Ks0Ww06kCq6KxUIvTxyWR+EhxNWTBg==
  dependencies:
    "@aws-cdk/aws-cloudwatch" "1.91.0"
    "@aws-cdk/aws-events" "1.91.0"
    "@aws-cdk/aws-iam" "1.91.0"
    "@aws-cdk/aws-kms" "1.91.0"
    "@aws-cdk/aws-sqs" "1.91.0"
    "@aws-cdk/core" "1.91.0"
    constructs "^3.2.0"

"@aws-cdk/aws-sqs@1.91.0":
  version "1.91.0"
  resolved "https://registry.yarnpkg.com/@aws-cdk/aws-sqs/-/aws-sqs-1.91.0.tgz#4d1f7988cef80ed9ae74c89343708b3bc197eca6"
  integrity sha512-sqchVrCncD+rFR9CZnHWIhzSmEqLo/jiwghLK4bKOZyzcFCLqNoSyNUubCcPS8OBjlW+BMx5cr3CQN8T3LRslw==
  dependencies:
    "@aws-cdk/aws-cloudwatch" "1.91.0"
    "@aws-cdk/aws-iam" "1.91.0"
    "@aws-cdk/aws-kms" "1.91.0"
    "@aws-cdk/core" "1.91.0"
    constructs "^3.2.0"

"@aws-cdk/aws-ssm@1.91.0":
  version "1.91.0"
  resolved "https://registry.yarnpkg.com/@aws-cdk/aws-ssm/-/aws-ssm-1.91.0.tgz#a5ea3773331d177905e61b0fd46d0f1f32f921d0"
  integrity sha512-iMbJ1bboYJMYC5XQjE1wP75ZNajVYLQ49rKIcJs0G7gChigacM2l8a6gQgA1KmtzHtuP+/pD8UmM8IjpAJTaMw==
  dependencies:
    "@aws-cdk/aws-iam" "1.91.0"
    "@aws-cdk/aws-kms" "1.91.0"
    "@aws-cdk/cloud-assembly-schema" "1.91.0"
    "@aws-cdk/core" "1.91.0"
    constructs "^3.2.0"

"@aws-cdk/cloud-assembly-schema@1.91.0":
  version "1.91.0"
  resolved "https://registry.yarnpkg.com/@aws-cdk/cloud-assembly-schema/-/cloud-assembly-schema-1.91.0.tgz#047df27780240b178095a7946eefd478f56ca99d"
  integrity sha512-gauXsfersDNDHdszDIbSkM2UG/xZmfLqurzw5aqYWFPmPML5a8Izx5hhjwnTKBO5+gQeQxiv9Zc4q5vBI1ScLQ==
  dependencies:
    jsonschema "^1.4.0"
    semver "^7.3.4"

"@aws-cdk/core@1.91.0":
  version "1.91.0"
  resolved "https://registry.yarnpkg.com/@aws-cdk/core/-/core-1.91.0.tgz#239758e3b60d1cced3f9b195e2ba40117890d5e5"
  integrity sha512-fdHsIgpKcWpWpYpmeDTldRcc2IKbjf4J9433kYxBZ/x4cSck8Wl0yP96XU5rHihQio+u51J1d9QIKyoRHZADVA==
  dependencies:
    "@aws-cdk/cloud-assembly-schema" "1.91.0"
    "@aws-cdk/cx-api" "1.91.0"
    "@aws-cdk/region-info" "1.91.0"
    "@balena/dockerignore" "^1.0.2"
    constructs "^3.2.0"
    fs-extra "^9.1.0"
    ignore "^5.1.8"
    minimatch "^3.0.4"

"@aws-cdk/custom-resources@1.91.0":
  version "1.91.0"
  resolved "https://registry.yarnpkg.com/@aws-cdk/custom-resources/-/custom-resources-1.91.0.tgz#afd07c3f6bc1df81882482b5bfb88a53a8fdb099"
  integrity sha512-Jcnx5zDaJJq8uOpVZ4U63bEIKMW9P6Lf2Spaif6b2Sw1WpE3jCJNu7mjGI+jZMwBQ6s+Q7d8GgO65gnuFM3TLQ==
  dependencies:
    "@aws-cdk/aws-cloudformation" "1.91.0"
    "@aws-cdk/aws-ec2" "1.91.0"
    "@aws-cdk/aws-iam" "1.91.0"
    "@aws-cdk/aws-lambda" "1.91.0"
    "@aws-cdk/aws-logs" "1.91.0"
    "@aws-cdk/aws-sns" "1.91.0"
    "@aws-cdk/core" "1.91.0"
    constructs "^3.2.0"

"@aws-cdk/cx-api@1.91.0":
  version "1.91.0"
  resolved "https://registry.yarnpkg.com/@aws-cdk/cx-api/-/cx-api-1.91.0.tgz#c22b193c4f0f48b9b0fd2f4ee48d138a4d79dc75"
  integrity sha512-5IDKq+R8BANrq2SCRLF6FJLZUNCDW8WWhs8hrCNZ8tOGlmxu1+whffTwVDj7Mb+aLb5+KlhavAhUYRaS2Ex7cA==
  dependencies:
    "@aws-cdk/cloud-assembly-schema" "1.91.0"
    semver "^7.3.4"

"@aws-cdk/region-info@1.91.0":
  version "1.91.0"
  resolved "https://registry.yarnpkg.com/@aws-cdk/region-info/-/region-info-1.91.0.tgz#11c3dc3bbb34291b6ef918c9b36e5443107867fa"
  integrity sha512-/iYYx5BDHfOeKO6yOW2+oNOZ9Cd3K8kmPJsX6b7WgOt69w6hK4GrnaV5c4a/nQ5N5AMwwDNTnRhlvm94nH9gLA==

"@balena/dockerignore@^1.0.2":
  version "1.0.2"
  resolved "https://registry.yarnpkg.com/@balena/dockerignore/-/dockerignore-1.0.2.tgz#9ffe4726915251e8eb69f44ef3547e0da2c03e0d"
  integrity sha512-wMue2Sy4GAVTk6Ic4tJVcnfdau+gx2EnG7S+uAEe+TWJFqE4YoWN4/H8MSLj4eYJKxGg26lZwboEniNiNwZQ6Q==

"@types/uuid@^8.3.0":
  version "8.3.0"
  resolved "https://registry.yarnpkg.com/@types/uuid/-/uuid-8.3.0.tgz#215c231dff736d5ba92410e6d602050cce7e273f"
  integrity sha512-eQ9qFW/fhfGJF8WKHGEHZEyVWfZxrT+6CLIJGBcZPfxUh/+BnEj+UCGYMlr9qZuX/2AltsvwrGqp0LhEW8D0zQ==

at-least-node@^1.0.0:
  version "1.0.0"
  resolved "https://registry.yarnpkg.com/at-least-node/-/at-least-node-1.0.0.tgz#602cd4b46e844ad4effc92a8011a3c46e0238dc2"
  integrity sha512-+q/t7Ekv1EDY2l6Gda6LLiX14rU9TV20Wa3ofeQmwPFZbOMo9DXrLbOjFaaclkXKWidIaopwAObQDqwWtGUjqg==

balanced-match@^1.0.0:
  version "1.0.0"
  resolved "https://registry.yarnpkg.com/balanced-match/-/balanced-match-1.0.0.tgz#89b4d199ab2bee49de164ea02b89ce462d71b767"
  integrity sha1-ibTRmasr7kneFk6gK4nORi1xt2c=

brace-expansion@^1.1.7:
  version "1.1.11"
  resolved "https://registry.yarnpkg.com/brace-expansion/-/brace-expansion-1.1.11.tgz#3c7fcbf529d87226f3d2f52b966ff5271eb441dd"
  integrity sha512-iCuPHDFgrHX7H2vEI/5xpz07zSHB00TpugqhmYtVmMO6518mCuRMoOYFldEBl0g187ufozdaHgWKcYFb61qGiA==
  dependencies:
    balanced-match "^1.0.0"
    concat-map "0.0.1"

concat-map@0.0.1:
  version "0.0.1"
  resolved "https://registry.yarnpkg.com/concat-map/-/concat-map-0.0.1.tgz#d8a96bd77fd68df7793a73036a3ba0d5405d477b"
  integrity sha1-2Klr13/Wjfd5OnMDajug1UBdR3s=

constructs@^3.2.0:
  version "3.3.55"
  resolved "https://registry.yarnpkg.com/constructs/-/constructs-3.3.55.tgz#ee54bd2202d8d72d9ce10694f055054d8cffef1f"
  integrity sha512-PKlPeHnIN7EAdanoVpwUnj6Zb5Zhgb6lCQ1YTES52puksbw34TG7oqO2kzmTVTK3MVDMUdhCDKyroaVmNOtiiw==

fs-extra@^9.1.0:
  version "9.1.0"
  resolved "https://registry.yarnpkg.com/fs-extra/-/fs-extra-9.1.0.tgz#5954460c764a8da2094ba3554bf839e6b9a7c86d"
  integrity sha512-hcg3ZmepS30/7BSFqRvoo3DOMQu7IjqxO5nCDt+zM9XWjb33Wg7ziNT+Qvqbuc3+gWpzO02JubVyk2G4Zvo1OQ==
  dependencies:
    at-least-node "^1.0.0"
    graceful-fs "^4.2.0"
    jsonfile "^6.0.1"
    universalify "^2.0.0"

graceful-fs@^4.1.6, graceful-fs@^4.2.0:
  version "4.2.6"
  resolved "https://registry.yarnpkg.com/graceful-fs/-/graceful-fs-4.2.6.tgz#ff040b2b0853b23c3d31027523706f1885d76bee"
  integrity sha512-nTnJ528pbqxYanhpDYsi4Rd8MAeaBA67+RZ10CM1m3bTAVFEDcd5AuA4a6W5YkGZ1iNXHzZz8T6TBKLeBuNriQ==

ignore@^5.1.8:
  version "5.1.8"
  resolved "https://registry.yarnpkg.com/ignore/-/ignore-5.1.8.tgz#f150a8b50a34289b33e22f5889abd4d8016f0e57"
  integrity sha512-BMpfD7PpiETpBl/A6S498BaIJ6Y/ABT93ETbby2fP00v4EbvPBXWEoaR1UBPKs3iR53pJY7EtZk5KACI57i1Uw==

jsonfile@^6.0.1:
  version "6.1.0"
  resolved "https://registry.yarnpkg.com/jsonfile/-/jsonfile-6.1.0.tgz#bc55b2634793c679ec6403094eb13698a6ec0aae"
  integrity sha512-5dgndWOriYSm5cnYaJNhalLNDKOqFwyDB/rr1E9ZsGciGvKPs8R2xYGCacuf3z6K1YKDz182fd+fY3cn3pMqXQ==
  dependencies:
    universalify "^2.0.0"
  optionalDependencies:
    graceful-fs "^4.1.6"

jsonschema@^1.4.0:
  version "1.4.0"
  resolved "https://registry.yarnpkg.com/jsonschema/-/jsonschema-1.4.0.tgz#1afa34c4bc22190d8e42271ec17ac8b3404f87b2"
  integrity sha512-/YgW6pRMr6M7C+4o8kS+B/2myEpHCrxO4PEWnqJNBFMjn7EWXqlQ4tGwL6xTHeRplwuZmcAncdvfOad1nT2yMw==

lru-cache@^6.0.0:
  version "6.0.0"
  resolved "https://registry.yarnpkg.com/lru-cache/-/lru-cache-6.0.0.tgz#6d6fe6570ebd96aaf90fcad1dafa3b2566db3a94"
  integrity sha512-Jo6dJ04CmSjuznwJSS3pUeWmd/H0ffTlkXXgwZi+eq1UCmqQwCh+eLsYOYCwY991i2Fah4h1BEMCx4qThGbsiA==
  dependencies:
    yallist "^4.0.0"

minimatch@^3.0.4:
  version "3.0.4"
  resolved "https://registry.yarnpkg.com/minimatch/-/minimatch-3.0.4.tgz#5166e286457f03306064be5497e8dbb0c3d32083"
  integrity sha512-yJHVQEhyqPLUTgt9B83PXu6W3rx4MvvHvSUvToogpwoGDOUQ+yDrR0HRot+yOCdCO7u4hX3pWft6kWBBcqh0UA==
  dependencies:
    brace-expansion "^1.1.7"

semver@^7.3.4:
  version "7.3.4"
  resolved "https://registry.yarnpkg.com/semver/-/semver-7.3.4.tgz#27aaa7d2e4ca76452f98d3add093a72c943edc97"
  integrity sha512-tCfb2WLjqFAtXn4KEdxIhalnRtoKFN7nAwj0B3ZXCbQloV2tq5eDbcTmT68JJD3nRJq24/XgxtQKFIpQdtvmVw==
  dependencies:
    lru-cache "^6.0.0"

universalify@^2.0.0:
  version "2.0.0"
  resolved "https://registry.yarnpkg.com/universalify/-/universalify-2.0.0.tgz#75a4984efedc4b08975c5aeb73f530d02df25717"
  integrity sha512-hAZsKq7Yy11Zu1DE0OzWjw7nnLZmJZYTDZZyEFHZdUhV8FkH5MCfoU1XMaxXovpyW5nq5scPqq0ZDP9Zyl04oQ==

uuid@^8.3.2:
  version "8.3.2"
  resolved "https://registry.yarnpkg.com/uuid/-/uuid-8.3.2.tgz#80d5b5ced271bb9af6c445f21a1a04c606cefbe2"
  integrity sha512-+NYs2QeMWy+GWFOEm9xnn6HCDp0l7QBD7ml8zLUmJ+93Q5NF0NocErnwkTkXVFNiX3/fpC6afS8Dhb/gz7R7eg==

yallist@^4.0.0:
  version "4.0.0"
  resolved "https://registry.yarnpkg.com/yallist/-/yallist-4.0.0.tgz#9bb92790d9c0effec63be73519e11a35019a3a72"
  integrity sha512-3wdGidZyq5PB084XLES5TpOSRA3wjXAlIWMhum2kRcv/41Sn2emQ0dycQW4uZXLejwKvg6EsvbdlVL+FYEct7A==
